// !$*UTF8*$!
{
	archiveVersion = 1;
	classes = {
	};
	objectVersion = 46;
	objects = {

/* Begin PBXBuildFile section */
		1B4F797E841724A82C1B9C3E /* Pods_Paddle.framework in Frameworks */ = {isa = PBXBuildFile; fileRef = EDA82E9C0CA2B436AD788DEC /* Pods_Paddle.framework */; };
		AE3414C01CBC80C100754DA0 /* PlayerCell.swift in Sources */ = {isa = PBXBuildFile; fileRef = AE3414BF1CBC80C100754DA0 /* PlayerCell.swift */; };
		AE3414C41CBC972B00754DA0 /* PlayerCell.xib in Resources */ = {isa = PBXBuildFile; fileRef = AE3414C31CBC972B00754DA0 /* PlayerCell.xib */; };
		AEE3FB671CB835A20072D527 /* PlayerVC.swift in Sources */ = {isa = PBXBuildFile; fileRef = AEE3FB651CB835A20072D527 /* PlayerVC.swift */; };
		AEE3FB681CB835A20072D527 /* PlayerVC.xib in Resources */ = {isa = PBXBuildFile; fileRef = AEE3FB661CB835A20072D527 /* PlayerVC.xib */; };
		AEFFE0801CB7035D008BCA88 /* AppDelegate.swift in Sources */ = {isa = PBXBuildFile; fileRef = AEFFE07F1CB7035D008BCA88 /* AppDelegate.swift */; };
		AEFFE0871CB7035D008BCA88 /* Assets.xcassets in Resources */ = {isa = PBXBuildFile; fileRef = AEFFE0861CB7035D008BCA88 /* Assets.xcassets */; };
		AEFFE08A1CB7035D008BCA88 /* LaunchScreen.storyboard in Resources */ = {isa = PBXBuildFile; fileRef = AEFFE0881CB7035D008BCA88 /* LaunchScreen.storyboard */; };
		AEFFE0961CB703E1008BCA88 /* PlayersListVC.swift in Sources */ = {isa = PBXBuildFile; fileRef = AEFFE0941CB703E1008BCA88 /* PlayersListVC.swift */; };
		AEFFE0971CB703E1008BCA88 /* PlayersListVC.xib in Resources */ = {isa = PBXBuildFile; fileRef = AEFFE0951CB703E1008BCA88 /* PlayersListVC.xib */; };
		AEFFE0991CB70613008BCA88 /* Player.swift in Sources */ = {isa = PBXBuildFile; fileRef = AEFFE0981CB70613008BCA88 /* Player.swift */; };
/* End PBXBuildFile section */

/* Begin PBXFileReference section */
		106AEA17EE3836BC26AA818A /* Pods-Paddle.release.xcconfig */ = {isa = PBXFileReference; includeInIndex = 1; lastKnownFileType = text.xcconfig; name = "Pods-Paddle.release.xcconfig"; path = "Pods/Target Support Files/Pods-Paddle/Pods-Paddle.release.xcconfig"; sourceTree = "<group>"; };
		441E371C2E24C6E3B6560FF0 /* Pods-Paddle.debug.xcconfig */ = {isa = PBXFileReference; includeInIndex = 1; lastKnownFileType = text.xcconfig; name = "Pods-Paddle.debug.xcconfig"; path = "Pods/Target Support Files/Pods-Paddle/Pods-Paddle.debug.xcconfig"; sourceTree = "<group>"; };
		AE3414BF1CBC80C100754DA0 /* PlayerCell.swift */ = {isa = PBXFileReference; fileEncoding = 4; lastKnownFileType = sourcecode.swift; path = PlayerCell.swift; sourceTree = "<group>"; };
		AE3414C31CBC972B00754DA0 /* PlayerCell.xib */ = {isa = PBXFileReference; fileEncoding = 4; lastKnownFileType = file.xib; path = PlayerCell.xib; sourceTree = "<group>"; };
		AEE3FB651CB835A20072D527 /* PlayerVC.swift */ = {isa = PBXFileReference; fileEncoding = 4; lastKnownFileType = sourcecode.swift; path = PlayerVC.swift; sourceTree = "<group>"; };
		AEE3FB661CB835A20072D527 /* PlayerVC.xib */ = {isa = PBXFileReference; fileEncoding = 4; lastKnownFileType = file.xib; path = PlayerVC.xib; sourceTree = "<group>"; };
		AEFFE07C1CB7035D008BCA88 /* Paddle.app */ = {isa = PBXFileReference; explicitFileType = wrapper.application; includeInIndex = 0; path = Paddle.app; sourceTree = BUILT_PRODUCTS_DIR; };
		AEFFE07F1CB7035D008BCA88 /* AppDelegate.swift */ = {isa = PBXFileReference; lastKnownFileType = sourcecode.swift; path = AppDelegate.swift; sourceTree = "<group>"; };
		AEFFE0861CB7035D008BCA88 /* Assets.xcassets */ = {isa = PBXFileReference; lastKnownFileType = folder.assetcatalog; path = Assets.xcassets; sourceTree = "<group>"; };
		AEFFE0891CB7035D008BCA88 /* Base */ = {isa = PBXFileReference; lastKnownFileType = file.storyboard; name = Base; path = Base.lproj/LaunchScreen.storyboard; sourceTree = "<group>"; };
		AEFFE08B1CB7035D008BCA88 /* Info.plist */ = {isa = PBXFileReference; lastKnownFileType = text.plist.xml; path = Info.plist; sourceTree = "<group>"; };
		AEFFE0941CB703E1008BCA88 /* PlayersListVC.swift */ = {isa = PBXFileReference; fileEncoding = 4; lastKnownFileType = sourcecode.swift; path = PlayersListVC.swift; sourceTree = "<group>"; };
		AEFFE0951CB703E1008BCA88 /* PlayersListVC.xib */ = {isa = PBXFileReference; fileEncoding = 4; lastKnownFileType = file.xib; path = PlayersListVC.xib; sourceTree = "<group>"; };
		AEFFE0981CB70613008BCA88 /* Player.swift */ = {isa = PBXFileReference; fileEncoding = 4; lastKnownFileType = sourcecode.swift; path = Player.swift; sourceTree = "<group>"; };
		EDA82E9C0CA2B436AD788DEC /* Pods_Paddle.framework */ = {isa = PBXFileReference; explicitFileType = wrapper.framework; includeInIndex = 0; path = Pods_Paddle.framework; sourceTree = BUILT_PRODUCTS_DIR; };
/* End PBXFileReference section */

/* Begin PBXFrameworksBuildPhase section */
		AEFFE0791CB7035D008BCA88 /* Frameworks */ = {
			isa = PBXFrameworksBuildPhase;
			buildActionMask = 2147483647;
			files = (
				1B4F797E841724A82C1B9C3E /* Pods_Paddle.framework in Frameworks */,
			);
			runOnlyForDeploymentPostprocessing = 0;
		};
/* End PBXFrameworksBuildPhase section */

/* Begin PBXGroup section */
		43E322D6FB73CD7EB41860D9 /* Frameworks */ = {
			isa = PBXGroup;
			children = (
				EDA82E9C0CA2B436AD788DEC /* Pods_Paddle.framework */,
			);
			name = Frameworks;
			sourceTree = "<group>";
		};
		AEFFE0731CB7035C008BCA88 = {
			isa = PBXGroup;
			children = (
				AEFFE07E1CB7035D008BCA88 /* Paddle */,
				AEFFE07D1CB7035D008BCA88 /* Products */,
				CBA05BD2302C237A66377BA8 /* Pods */,
				43E322D6FB73CD7EB41860D9 /* Frameworks */,
			);
			sourceTree = "<group>";
		};
		AEFFE07D1CB7035D008BCA88 /* Products */ = {
			isa = PBXGroup;
			children = (
				AEFFE07C1CB7035D008BCA88 /* Paddle.app */,
			);
			name = Products;
			sourceTree = "<group>";
		};
		AEFFE07E1CB7035D008BCA88 /* Paddle */ = {
			isa = PBXGroup;
			children = (
				AEFFE0931CB70398008BCA88 /* Contollers */,
				AEFFE0921CB70390008BCA88 /* Views */,
				AEFFE0911CB7038A008BCA88 /* Models */,
				AEFFE07F1CB7035D008BCA88 /* AppDelegate.swift */,
				AEFFE0861CB7035D008BCA88 /* Assets.xcassets */,
				AEFFE0881CB7035D008BCA88 /* LaunchScreen.storyboard */,
				AEFFE08B1CB7035D008BCA88 /* Info.plist */,
			);
			path = Paddle;
			sourceTree = "<group>";
		};
		AEFFE0911CB7038A008BCA88 /* Models */ = {
			isa = PBXGroup;
			children = (
				AEFFE0981CB70613008BCA88 /* Player.swift */,
			);
			name = Models;
			sourceTree = "<group>";
		};
		AEFFE0921CB70390008BCA88 /* Views */ = {
			isa = PBXGroup;
			children = (
				AEFFE0951CB703E1008BCA88 /* PlayersListVC.xib */,
				AEE3FB661CB835A20072D527 /* PlayerVC.xib */,
				AE3414C31CBC972B00754DA0 /* PlayerCell.xib */,
			);
			name = Views;
			sourceTree = "<group>";
		};
		AEFFE0931CB70398008BCA88 /* Contollers */ = {
			isa = PBXGroup;
			children = (
				AE3414BF1CBC80C100754DA0 /* PlayerCell.swift */,
				AEFFE0941CB703E1008BCA88 /* PlayersListVC.swift */,
				AEE3FB651CB835A20072D527 /* PlayerVC.swift */,
			);
			name = Contollers;
			sourceTree = "<group>";
		};
		CBA05BD2302C237A66377BA8 /* Pods */ = {
			isa = PBXGroup;
			children = (
				441E371C2E24C6E3B6560FF0 /* Pods-Paddle.debug.xcconfig */,
				106AEA17EE3836BC26AA818A /* Pods-Paddle.release.xcconfig */,
			);
			name = Pods;
			sourceTree = "<group>";
		};
/* End PBXGroup section */

/* Begin PBXNativeTarget section */
		AEFFE07B1CB7035D008BCA88 /* Paddle */ = {
			isa = PBXNativeTarget;
			buildConfigurationList = AEFFE08E1CB7035D008BCA88 /* Build configuration list for PBXNativeTarget "Paddle" */;
			buildPhases = (
				F25874D29DCAE60CB72D3A71 /* 📦 Check Pods Manifest.lock */,
				AEFFE0781CB7035D008BCA88 /* Sources */,
				AEFFE0791CB7035D008BCA88 /* Frameworks */,
				AEFFE07A1CB7035D008BCA88 /* Resources */,
				EAC4B2BA3B89480053E7860D /* 📦 Embed Pods Frameworks */,
				C133E364E0A2832C0588C6E2 /* 📦 Copy Pods Resources */,
			);
			buildRules = (
			);
			dependencies = (
			);
			name = Paddle;
			productName = Paddle;
			productReference = AEFFE07C1CB7035D008BCA88 /* Paddle.app */;
			productType = "com.apple.product-type.application";
		};
/* End PBXNativeTarget section */

/* Begin PBXProject section */
		AEFFE0741CB7035D008BCA88 /* Project object */ = {
			isa = PBXProject;
			attributes = {
				LastSwiftUpdateCheck = 0730;
				LastUpgradeCheck = 0730;
				ORGANIZATIONNAME = dignmg;
				TargetAttributes = {
					AEFFE07B1CB7035D008BCA88 = {
						CreatedOnToolsVersion = 7.3;
					};
				};
			};
			buildConfigurationList = AEFFE0771CB7035D008BCA88 /* Build configuration list for PBXProject "Paddle" */;
			compatibilityVersion = "Xcode 3.2";
			developmentRegion = English;
			hasScannedForEncodings = 0;
			knownRegions = (
				en,
				Base,
			);
			mainGroup = AEFFE0731CB7035C008BCA88;
			productRefGroup = AEFFE07D1CB7035D008BCA88 /* Products */;
			projectDirPath = "";
			projectRoot = "";
			targets = (
				AEFFE07B1CB7035D008BCA88 /* Paddle */,
			);
		};
/* End PBXProject section */

/* Begin PBXResourcesBuildPhase section */
		AEFFE07A1CB7035D008BCA88 /* Resources */ = {
			isa = PBXResourcesBuildPhase;
			buildActionMask = 2147483647;
			files = (
				AEE3FB681CB835A20072D527 /* PlayerVC.xib in Resources */,
				AEFFE08A1CB7035D008BCA88 /* LaunchScreen.storyboard in Resources */,
				AEFFE0971CB703E1008BCA88 /* PlayersListVC.xib in Resources */,
				AE3414C41CBC972B00754DA0 /* PlayerCell.xib in Resources */,
				AEFFE0871CB7035D008BCA88 /* Assets.xcassets in Resources */,
			);
			runOnlyForDeploymentPostprocessing = 0;
		};
/* End PBXResourcesBuildPhase section */

/* Begin PBXShellScriptBuildPhase section */
		C133E364E0A2832C0588C6E2 /* 📦 Copy Pods Resources */ = {
			isa = PBXShellScriptBuildPhase;
			buildActionMask = 2147483647;
			files = (
			);
			inputPaths = (
			);
			name = "📦 Copy Pods Resources";
			outputPaths = (
			);
			runOnlyForDeploymentPostprocessing = 0;
			shellPath = /bin/sh;
			shellScript = "\"${SRCROOT}/Pods/Target Support Files/Pods-Paddle/Pods-Paddle-resources.sh\"\n";
			showEnvVarsInLog = 0;
		};
		EAC4B2BA3B89480053E7860D /* 📦 Embed Pods Frameworks */ = {
			isa = PBXShellScriptBuildPhase;
			buildActionMask = 2147483647;
			files = (
			);
			inputPaths = (
			);
			name = "📦 Embed Pods Frameworks";
			outputPaths = (
			);
			runOnlyForDeploymentPostprocessing = 0;
			shellPath = /bin/sh;
			shellScript = "\"${SRCROOT}/Pods/Target Support Files/Pods-Paddle/Pods-Paddle-frameworks.sh\"\n";
			showEnvVarsInLog = 0;
		};
		F25874D29DCAE60CB72D3A71 /* 📦 Check Pods Manifest.lock */ = {
			isa = PBXShellScriptBuildPhase;
			buildActionMask = 2147483647;
			files = (
			);
			inputPaths = (
			);
			name = "📦 Check Pods Manifest.lock";
			outputPaths = (
			);
			runOnlyForDeploymentPostprocessing = 0;
			shellPath = /bin/sh;
			shellScript = "diff \"${PODS_ROOT}/../Podfile.lock\" \"${PODS_ROOT}/Manifest.lock\" > /dev/null\nif [[ $? != 0 ]] ; then\n    cat << EOM\nerror: The sandbox is not in sync with the Podfile.lock. Run 'pod install' or update your CocoaPods installation.\nEOM\n    exit 1\nfi\n";
			showEnvVarsInLog = 0;
		};
/* End PBXShellScriptBuildPhase section */

/* Begin PBXSourcesBuildPhase section */
		AEFFE0781CB7035D008BCA88 /* Sources */ = {
			isa = PBXSourcesBuildPhase;
			buildActionMask = 2147483647;
			files = (
				AEE3FB671CB835A20072D527 /* PlayerVC.swift in Sources */,
				AEFFE0991CB70613008BCA88 /* Player.swift in Sources */,
				AE3414C01CBC80C100754DA0 /* PlayerCell.swift in Sources */,
				AEFFE0961CB703E1008BCA88 /* PlayersListVC.swift in Sources */,
				AEFFE0801CB7035D008BCA88 /* AppDelegate.swift in Sources */,
			);
			runOnlyForDeploymentPostprocessing = 0;
		};
/* End PBXSourcesBuildPhase section */

/* Begin PBXVariantGroup section */
		AEFFE0881CB7035D008BCA88 /* LaunchScreen.storyboard */ = {
			isa = PBXVariantGroup;
			children = (
				AEFFE0891CB7035D008BCA88 /* Base */,
			);
			name = LaunchScreen.storyboard;
			sourceTree = "<group>";
		};
/* End PBXVariantGroup section */

/* Begin XCBuildConfiguration section */
		AEFFE08C1CB7035D008BCA88 /* Debug */ = {
			isa = XCBuildConfiguration;
			buildSettings = {
				ALWAYS_SEARCH_USER_PATHS = NO;
				CLANG_ANALYZER_NONNULL = YES;
				CLANG_CXX_LANGUAGE_STANDARD = "gnu++0x";
				CLANG_CXX_LIBRARY = "libc++";
				CLANG_ENABLE_MODULES = YES;
				CLANG_ENABLE_OBJC_ARC = YES;
				CLANG_WARN_BOOL_CONVERSION = YES;
				CLANG_WARN_CONSTANT_CONVERSION = YES;
				CLANG_WARN_DIRECT_OBJC_ISA_USAGE = YES_ERROR;
				CLANG_WARN_EMPTY_BODY = YES;
				CLANG_WARN_ENUM_CONVERSION = YES;
				CLANG_WARN_INT_CONVERSION = YES;
				CLANG_WARN_OBJC_ROOT_CLASS = YES_ERROR;
				CLANG_WARN_UNREACHABLE_CODE = YES;
				CLANG_WARN__DUPLICATE_METHOD_MATCH = YES;
				"CODE_SIGN_IDENTITY[sdk=iphoneos*]" = "iPhone Developer";
				COPY_PHASE_STRIP = NO;
				DEBUG_INFORMATION_FORMAT = dwarf;
				ENABLE_STRICT_OBJC_MSGSEND = YES;
				ENABLE_TESTABILITY = YES;
				GCC_C_LANGUAGE_STANDARD = gnu99;
				GCC_DYNAMIC_NO_PIC = NO;
				GCC_NO_COMMON_BLOCKS = YES;
				GCC_OPTIMIZATION_LEVEL = 0;
				GCC_PREPROCESSOR_DEFINITIONS = (
					"DEBUG=1",
					"$(inherited)",
				);
				GCC_WARN_64_TO_32_BIT_CONVERSION = YES;
				GCC_WARN_ABOUT_RETURN_TYPE = YES_ERROR;
				GCC_WARN_UNDECLARED_SELECTOR = YES;
				GCC_WARN_UNINITIALIZED_AUTOS = YES_AGGRESSIVE;
				GCC_WARN_UNUSED_FUNCTION = YES;
				GCC_WARN_UNUSED_VARIABLE = YES;
				IPHONEOS_DEPLOYMENT_TARGET = 9.3;
				MTL_ENABLE_DEBUG_INFO = YES;
				ONLY_ACTIVE_ARCH = YES;
				SDKROOT = iphoneos;
				SWIFT_OPTIMIZATION_LEVEL = "-Onone";
				TARGETED_DEVICE_FAMILY = "1,2";
			};
			name = Debug;
		};
		AEFFE08D1CB7035D008BCA88 /* Release */ = {
			isa = XCBuildConfiguration;
			buildSettings = {
				ALWAYS_SEARCH_USER_PATHS = NO;
				CLANG_ANALYZER_NONNULL = YES;
				CLANG_CXX_LANGUAGE_STANDARD = "gnu++0x";
				CLANG_CXX_LIBRARY = "libc++";
				CLANG_ENABLE_MODULES = YES;
				CLANG_ENABLE_OBJC_ARC = YES;
				CLANG_WARN_BOOL_CONVERSION = YES;
				CLANG_WARN_CONSTANT_CONVERSION = YES;
				CLANG_WARN_DIRECT_OBJC_ISA_USAGE = YES_ERROR;
				CLANG_WARN_EMPTY_BODY = YES;
				CLANG_WARN_ENUM_CONVERSION = YES;
				CLANG_WARN_INT_CONVERSION = YES;
				CLANG_WARN_OBJC_ROOT_CLASS = YES_ERROR;
				CLANG_WARN_UNREACHABLE_CODE = YES;
				CLANG_WARN__DUPLICATE_METHOD_MATCH = YES;
				"CODE_SIGN_IDENTITY[sdk=iphoneos*]" = "iPhone Developer";
				COPY_PHASE_STRIP = NO;
				DEBUG_INFORMATION_FORMAT = "dwarf-with-dsym";
				ENABLE_NS_ASSERTIONS = NO;
				ENABLE_STRICT_OBJC_MSGSEND = YES;
				GCC_C_LANGUAGE_STANDARD = gnu99;
				GCC_NO_COMMON_BLOCKS = YES;
				GCC_WARN_64_TO_32_BIT_CONVERSION = YES;
				GCC_WARN_ABOUT_RETURN_TYPE = YES_ERROR;
				GCC_WARN_UNDECLARED_SELECTOR = YES;
				GCC_WARN_UNINITIALIZED_AUTOS = YES_AGGRESSIVE;
				GCC_WARN_UNUSED_FUNCTION = YES;
				GCC_WARN_UNUSED_VARIABLE = YES;
				IPHONEOS_DEPLOYMENT_TARGET = 9.3;
				MTL_ENABLE_DEBUG_INFO = NO;
				SDKROOT = iphoneos;
				TARGETED_DEVICE_FAMILY = "1,2";
				VALIDATE_PRODUCT = YES;
			};
			name = Release;
		};
		AEFFE08F1CB7035D008BCA88 /* Debug */ = {
			isa = XCBuildConfiguration;
			baseConfigurationReference = 441E371C2E24C6E3B6560FF0 /* Pods-Paddle.debug.xcconfig */;
			buildSettings = {
				ASSETCATALOG_COMPILER_APPICON_NAME = AppIcon;
				INFOPLIST_FILE = Paddle/Info.plist;
				LD_RUNPATH_SEARCH_PATHS = "$(inherited) @executable_path/Frameworks";
				PRODUCT_BUNDLE_IDENTIFIER = com.dignmg.Paddle;
				PRODUCT_NAME = "$(TARGET_NAME)";
			};
			name = Debug;
		};
		AEFFE0901CB7035D008BCA88 /* Release */ = {
			isa = XCBuildConfiguration;
			baseConfigurationReference = 106AEA17EE3836BC26AA818A /* Pods-Paddle.release.xcconfig */;
			buildSettings = {
				ASSETCATALOG_COMPILER_APPICON_NAME = AppIcon;
				INFOPLIST_FILE = Paddle/Info.plist;
				LD_RUNPATH_SEARCH_PATHS = "$(inherited) @executable_path/Frameworks";
				PRODUCT_BUNDLE_IDENTIFIER = com.dignmg.Paddle;
				PRODUCT_NAME = "$(TARGET_NAME)";
			};
			name = Release;
		};
/* End XCBuildConfiguration section */

/* Begin XCConfigurationList section */
		AEFFE0771CB7035D008BCA88 /* Build configuration list for PBXProject "Paddle" */ = {
			isa = XCConfigurationList;
			buildConfigurations = (
				AEFFE08C1CB7035D008BCA88 /* Debug */,
				AEFFE08D1CB7035D008BCA88 /* Release */,
			);
			defaultConfigurationIsVisible = 0;
			defaultConfigurationName = Release;
		};
		AEFFE08E1CB7035D008BCA88 /* Build configuration list for PBXNativeTarget "Paddle" */ = {
			isa = XCConfigurationList;
			buildConfigurations = (
				AEFFE08F1CB7035D008BCA88 /* Debug */,
				AEFFE0901CB7035D008BCA88 /* Release */,
			);
			defaultConfigurationIsVisible = 0;
			defaultConfigurationName = Release;
		};
/* End XCConfigurationList section */
	};
	rootObject = AEFFE0741CB7035D008BCA88 /* Project object */;
}
